PODS:
  - FlutterMacOS (1.0.0)
  - rust_file (0.0.1)

DEPENDENCIES:
  - FlutterMacOS (from `Flutter/ephemeral`)
  - rust_file (from `Flutter/ephemeral/.symlinks/plugins/rust_file/macos`)

EXTERNAL SOURCES:
  FlutterMacOS:
    :path: Flutter/ephemeral
  rust_file:
    :path: Flutter/ephemeral/.symlinks/plugins/rust_file/macos

SPEC CHECKSUMS:
  FlutterMacOS: 8f6f14fa908a6fb3fba0cd85dbd81ec4b251fb24
  rust_file: 25c2d0dc69cf29bfa8192d88ab4f3bfa5b6b9f69

PODFILE CHECKSUM: 236401fc2c932af29a9fcf0e97baeeb2d750d367

COCOAPODS: 1.15.2
